
Microsoft Visual Studio Solution File, Format Version 12.00
# Visual Studio Version 16
VisualStudioVersion = 16.0.31019.35
MinimumVisualStudioVersion = 10.0.40219.1
Project("{9A19103F-16F7-4668-BE54-9A1E7A4F7556}") = "BookListRazor", "BookListRazor\BookListRazor.csproj", "{F5C0D6B3-3416-4B7B-BA37-F191735F2971}"
EndProject
Global
	GlobalSection(SolutionConfigurationPlatforms) = preSolution
		Debug|Any CPU = Debug|Any CPU
		Release|Any CPU = Release|Any CPU
	EndGlobalSection
	GlobalSection(ProjectConfigurationPlatforms) = postSolution
		{F5C0D6B3-3416-4B7B-BA37-F191735F2971}.Debug|Any CPU.ActiveCfg = Debug|Any CPU
		{F5C0D6B3-3416-4B7B-BA37-F191735F2971}.Debug|Any CPU.Build.0 = Debug|Any CPU
		{F5C0D6B3-3416-4B7B-BA37-F191735F2971}.Release|Any CPU.ActiveCfg = Release|Any CPU
		{F5C0D6B3-3416-4B7B-BA37-F191735F2971}.Release|Any CPU.Build.0 = Release|Any CPU
	EndGlobalSection
	GlobalSection(SolutionProperties) = preSolution
		HideSolutionNode = FALSE
	EndGlobalSection
	GlobalSection(ExtensibilityGlobals) = postSolution
		SolutionGuid = {33E3697E-391C-40FD-B0E1-BE44869C2C62}
	EndGlobalSection
EndGlobal
